// !$*UTF8*$!
{
	archiveVersion = 1;
	classes = {
	};
	objectVersion = 55;
	objects = {

/* Begin PBXBuildFile section */
		897D3ECC291283C9008C8E86 /* AppDelegate.swift in Sources */ = {isa = PBXBuildFile; fileRef = 897D3ECB291283C9008C8E86 /* AppDelegate.swift */; };
		897D3ECE291283C9008C8E86 /* SceneDelegate.swift in Sources */ = {isa = PBXBuildFile; fileRef = 897D3ECD291283C9008C8E86 /* SceneDelegate.swift */; };
		897D3ED0291283C9008C8E86 /* ViewController.swift in Sources */ = {isa = PBXBuildFile; fileRef = 897D3ECF291283C9008C8E86 /* ViewController.swift */; };
		897D3ED3291283C9008C8E86 /* Main.storyboard in Resources */ = {isa = PBXBuildFile; fileRef = 897D3ED1291283C9008C8E86 /* Main.storyboard */; };
		897D3ED5291283CB008C8E86 /* Assets.xcassets in Resources */ = {isa = PBXBuildFile; fileRef = 897D3ED4291283CB008C8E86 /* Assets.xcassets */; };
		897D3ED8291283CB008C8E86 /* LaunchScreen.storyboard in Resources */ = {isa = PBXBuildFile; fileRef = 897D3ED6291283CB008C8E86 /* LaunchScreen.storyboard */; };
		897D3EE3291283CB008C8E86 /* demoTests.swift in Sources */ = {isa = PBXBuildFile; fileRef = 897D3EE2291283CB008C8E86 /* demoTests.swift */; };
		897D3EED291283CB008C8E86 /* demoUITests.swift in Sources */ = {isa = PBXBuildFile; fileRef = 897D3EEC291283CB008C8E86 /* demoUITests.swift */; };
		897D3EEF291283CB008C8E86 /* demoUITestsLaunchTests.swift in Sources */ = {isa = PBXBuildFile; fileRef = 897D3EEE291283CB008C8E86 /* demoUITestsLaunchTests.swift */; };
		89F6692C29136A8600EE7E7B /* first code.swift in Sources */ = {isa = PBXBuildFile; fileRef = 89F6692B29136A8600EE7E7B /* first code.swift */; };
/* End PBXBuildFile section */

/* Begin PBXContainerItemProxy section */
		897D3EDF291283CB008C8E86 /* PBXContainerItemProxy */ = {
			isa = PBXContainerItemProxy;
			containerPortal = 897D3EC0291283C9008C8E86 /* Project object */;
			proxyType = 1;
			remoteGlobalIDString = 897D3EC7291283C9008C8E86;
			remoteInfo = demo;
		};
		897D3EE9291283CB008C8E86 /* PBXContainerItemProxy */ = {
			isa = PBXContainerItemProxy;
			containerPortal = 897D3EC0291283C9008C8E86 /* Project object */;
			proxyType = 1;
			remoteGlobalIDString = 897D3EC7291283C9008C8E86;
			remoteInfo = demo;
		};
/* End PBXContainerItemProxy section */

/* Begin PBXFileReference section */
		897D3EC8291283C9008C8E86 /* demo.app */ = {isa = PBXFileReference; explicitFileType = wrapper.application; includeInIndex = 0; path = demo.app; sourceTree = BUILT_PRODUCTS_DIR; };
		897D3ECB291283C9008C8E86 /* AppDelegate.swift */ = {isa = PBXFileReference; lastKnownFileType = sourcecode.swift; path = AppDelegate.swift; sourceTree = "<group>"; };
		897D3ECD291283C9008C8E86 /* SceneDelegate.swift */ = {isa = PBXFileReference; lastKnownFileType = sourcecode.swift; path = SceneDelegate.swift; sourceTree = "<group>"; };
		897D3ECF291283C9008C8E86 /* ViewController.swift */ = {isa = PBXFileReference; lastKnownFileType = sourcecode.swift; path = ViewController.swift; sourceTree = "<group>"; };
		897D3ED2291283C9008C8E86 /* Base */ = {isa = PBXFileReference; lastKnownFileType = file.storyboard; name = Base; path = Base.lproj/Main.storyboard; sourceTree = "<group>"; };
		897D3ED4291283CB008C8E86 /* Assets.xcassets */ = {isa = PBXFileReference; lastKnownFileType = folder.assetcatalog; path = Assets.xcassets; sourceTree = "<group>"; };
		897D3ED7291283CB008C8E86 /* Base */ = {isa = PBXFileReference; lastKnownFileType = file.storyboard; name = Base; path = Base.lproj/LaunchScreen.storyboard; sourceTree = "<group>"; };
		897D3ED9291283CB008C8E86 /* Info.plist */ = {isa = PBXFileReference; lastKnownFileType = text.plist.xml; path = Info.plist; sourceTree = "<group>"; };
		897D3EDE291283CB008C8E86 /* demoTests.xctest */ = {isa = PBXFileReference; explicitFileType = wrapper.cfbundle; includeInIndex = 0; path = demoTests.xctest; sourceTree = BUILT_PRODUCTS_DIR; };
		897D3EE2291283CB008C8E86 /* demoTests.swift */ = {isa = PBXFileReference; lastKnownFileType = sourcecode.swift; path = demoTests.swift; sourceTree = "<group>"; };
		897D3EE8291283CB008C8E86 /* demoUITests.xctest */ = {isa = PBXFileReference; explicitFileType = wrapper.cfbundle; includeInIndex = 0; path = demoUITests.xctest; sourceTree = BUILT_PRODUCTS_DIR; };
		897D3EEC291283CB008C8E86 /* demoUITests.swift */ = {isa = PBXFileReference; lastKnownFileType = sourcecode.swift; path = demoUITests.swift; sourceTree = "<group>"; };
		897D3EEE291283CB008C8E86 /* demoUITestsLaunchTests.swift */ = {isa = PBXFileReference; lastKnownFileType = sourcecode.swift; path = demoUITestsLaunchTests.swift; sourceTree = "<group>"; };
		89F6692B29136A8600EE7E7B /* first code.swift */ = {isa = PBXFileReference; lastKnownFileType = sourcecode.swift; path = "first code.swift"; sourceTree = "<group>"; };
/* End PBXFileReference section */

/* Begin PBXFrameworksBuildPhase section */
		897D3EC5291283C9008C8E86 /* Frameworks */ = {
			isa = PBXFrameworksBuildPhase;
			buildActionMask = 2147483647;
			files = (
			);
			runOnlyForDeploymentPostprocessing = 0;
		};
		897D3EDB291283CB008C8E86 /* Frameworks */ = {
			isa = PBXFrameworksBuildPhase;
			buildActionMask = 2147483647;
			files = (
			);
			runOnlyForDeploymentPostprocessing = 0;
		};
		897D3EE5291283CB008C8E86 /* Frameworks */ = {
			isa = PBXFrameworksBuildPhase;
			buildActionMask = 2147483647;
			files = (
			);
			runOnlyForDeploymentPostprocessing = 0;
		};
/* End PBXFrameworksBuildPhase section */

/* Begin PBXGroup section */
		897D3EBF291283C9008C8E86 = {
			isa = PBXGroup;
			children = (
				897D3ECA291283C9008C8E86 /* demo */,
				897D3EE1291283CB008C8E86 /* demoTests */,
				897D3EEB291283CB008C8E86 /* demoUITests */,
				897D3EC9291283C9008C8E86 /* Products */,
			);
			sourceTree = "<group>";
		};
		897D3EC9291283C9008C8E86 /* Products */ = {
			isa = PBXGroup;
			children = (
				897D3EC8291283C9008C8E86 /* demo.app */,
				897D3EDE291283CB008C8E86 /* demoTests.xctest */,
				897D3EE8291283CB008C8E86 /* demoUITests.xctest */,
			);
			name = Products;
			sourceTree = "<group>";
		};
		897D3ECA291283C9008C8E86 /* demo */ = {
			isa = PBXGroup;
			children = (
				897D3ECB291283C9008C8E86 /* AppDelegate.swift */,
				897D3ECD291283C9008C8E86 /* SceneDelegate.swift */,
				897D3ECF291283C9008C8E86 /* ViewController.swift */,
				897D3ED1291283C9008C8E86 /* Main.storyboard */,
				897D3ED4291283CB008C8E86 /* Assets.xcassets */,
				897D3ED6291283CB008C8E86 /* LaunchScreen.storyboard */,
				897D3ED9291283CB008C8E86 /* Info.plist */,
				89F6692B29136A8600EE7E7B /* first code.swift */,
			);
			path = demo;
			sourceTree = "<group>";
		};
		897D3EE1291283CB008C8E86 /* demoTests */ = {
			isa = PBXGroup;
			children = (
				897D3EE2291283CB008C8E86 /* demoTests.swift */,
			);
			path = demoTests;
			sourceTree = "<group>";
		};
		897D3EEB291283CB008C8E86 /* demoUITests */ = {
			isa = PBXGroup;
			children = (
				897D3EEC291283CB008C8E86 /* demoUITests.swift */,
				897D3EEE291283CB008C8E86 /* demoUITestsLaunchTests.swift */,
			);
			path = demoUITests;
			sourceTree = "<group>";
		};
/* End PBXGroup section */

/* Begin PBXNativeTarget section */
		897D3EC7291283C9008C8E86 /* demo */ = {
			isa = PBXNativeTarget;
			buildConfigurationList = 897D3EF2291283CB008C8E86 /* Build configuration list for PBXNativeTarget "demo" */;
			buildPhases = (
				897D3EC4291283C9008C8E86 /* Sources */,
				897D3EC5291283C9008C8E86 /* Frameworks */,
				897D3EC6291283C9008C8E86 /* Resources */,
			);
			buildRules = (
			);
			dependencies = (
			);
			name = demo;
			productName = demo;
			productReference = 897D3EC8291283C9008C8E86 /* demo.app */;
			productType = "com.apple.product-type.application";
		};
		897D3EDD291283CB008C8E86 /* demoTests */ = {
			isa = PBXNativeTarget;
			buildConfigurationList = 897D3EF5291283CB008C8E86 /* Build configuration list for PBXNativeTarget "demoTests" */;
			buildPhases = (
				897D3EDA291283CB008C8E86 /* Sources */,
				897D3EDB291283CB008C8E86 /* Frameworks */,
				897D3EDC291283CB008C8E86 /* Resources */,
			);
			buildRules = (
			);
			dependencies = (
				897D3EE0291283CB008C8E86 /* PBXTargetDependency */,
			);
			name = demoTests;
			productName = demoTests;
			productReference = 897D3EDE291283CB008C8E86 /* demoTests.xctest */;
			productType = "com.apple.product-type.bundle.unit-test";
		};
		897D3EE7291283CB008C8E86 /* demoUITests */ = {
			isa = PBXNativeTarget;
			buildConfigurationList = 897D3EF8291283CB008C8E86 /* Build configuration list for PBXNativeTarget "demoUITests" */;
			buildPhases = (
				897D3EE4291283CB008C8E86 /* Sources */,
				897D3EE5291283CB008C8E86 /* Frameworks */,
				897D3EE6291283CB008C8E86 /* Resources */,
			);
			buildRules = (
			);
			dependencies = (
				897D3EEA291283CB008C8E86 /* PBXTargetDependency */,
			);
			name = demoUITests;
			productName = demoUITests;
			productReference = 897D3EE8291283CB008C8E86 /* demoUITests.xctest */;
			productType = "com.apple.product-type.bundle.ui-testing";
		};
/* End PBXNativeTarget section */

/* Begin PBXProject section */
		897D3EC0291283C9008C8E86 /* Project object */ = {
			isa = PBXProject;
			attributes = {
				BuildIndependentTargetsInParallel = 1;
				LastSwiftUpdateCheck = 1340;
				LastUpgradeCheck = 1340;
				TargetAttributes = {
					897D3EC7291283C9008C8E86 = {
						CreatedOnToolsVersion = 13.4;
					};
					897D3EDD291283CB008C8E86 = {
						CreatedOnToolsVersion = 13.4;
						TestTargetID = 897D3EC7291283C9008C8E86;
					};
					897D3EE7291283CB008C8E86 = {
						CreatedOnToolsVersion = 13.4;
						TestTargetID = 897D3EC7291283C9008C8E86;
					};
				};
			};
			buildConfigurationList = 897D3EC3291283C9008C8E86 /* Build configuration list for PBXProject "demo" */;
			compatibilityVersion = "Xcode 13.0";
			developmentRegion = en;
			hasScannedForEncodings = 0;
			knownRegions = (
				en,
				Base,
			);
			mainGroup = 897D3EBF291283C9008C8E86;
			productRefGroup = 897D3EC9291283C9008C8E86 /* Products */;
			projectDirPath = "";
			projectRoot = "";
			targets = (
				897D3EC7291283C9008C8E86 /* demo */,
				897D3EDD291283CB008C8E86 /* demoTests */,
				897D3EE7291283CB008C8E86 /* demoUITests */,
			);
		};
/* End PBXProject section */

/* Begin PBXResourcesBuildPhase section */
		897D3EC6291283C9008C8E86 /* Resources */ = {
			isa = PBXResourcesBuildPhase;
			buildActionMask = 2147483647;
			files = (
				897D3ED8291283CB008C8E86 /* LaunchScreen.storyboard in Resources */,
				897D3ED5291283CB008C8E86 /* Assets.xcassets in Resources */,
				897D3ED3291283C9008C8E86 /* Main.storyboard in Resources */,
			);
			runOnlyForDeploymentPostprocessing = 0;
		};
		897D3EDC291283CB008C8E86 /* Resources */ = {
			isa = PBXResourcesBuildPhase;
			buildActionMask = 2147483647;
			files = (
			);
			runOnlyForDeploymentPostprocessing = 0;
		};
		897D3EE6291283CB008C8E86 /* Resources */ = {
			isa = PBXResourcesBuildPhase;
			buildActionMask = 2147483647;
			files = (
			);
			runOnlyForDeploymentPostprocessing = 0;
		};
/* End PBXResourcesBuildPhase section */

/* Begin PBXSourcesBuildPhase section */
		897D3EC4291283C9008C8E86 /* Sources */ = {
			isa = PBXSourcesBuildPhase;
			buildActionMask = 2147483647;
			files = (
				897D3ED0291283C9008C8E86 /* ViewController.swift in Sources */,
				897D3ECC291283C9008C8E86 /* AppDelegate.swift in Sources */,
				89F6692C29136A8600EE7E7B /* first code.swift in Sources */,
				897D3ECE291283C9008C8E86 /* SceneDelegate.swift in Sources */,
			);
			runOnlyForDeploymentPostprocessing = 0;
		};
		897D3EDA291283CB008C8E86 /* Sources */ = {
			isa = PBXSourcesBuildPhase;
			buildActionMask = 2147483647;
			files = (
				897D3EE3291283CB008C8E86 /* demoTests.swift in Sources */,
			);
			runOnlyForDeploymentPostprocessing = 0;
		};
		897D3EE4291283CB008C8E86 /* Sources */ = {
			isa = PBXSourcesBuildPhase;
			buildActionMask = 2147483647;
			files = (
				897D3EED291283CB008C8E86 /* demoUITests.swift in Sources */,
				897D3EEF291283CB008C8E86 /* demoUITestsLaunchTests.swift in Sources */,
			);
			runOnlyForDeploymentPostprocessing = 0;
		};
/* End PBXSourcesBuildPhase section */

/* Begin PBXTargetDependency section */
		897D3EE0291283CB008C8E86 /* PBXTargetDependency */ = {
			isa = PBXTargetDependency;
			target = 897D3EC7291283C9008C8E86 /* demo */;
			targetProxy = 897D3EDF291283CB008C8E86 /* PBXContainerItemProxy */;
		};
		897D3EEA291283CB008C8E86 /* PBXTargetDependency */ = {
			isa = PBXTargetDependency;
			target = 897D3EC7291283C9008C8E86 /* demo */;
			targetProxy = 897D3EE9291283CB008C8E86 /* PBXContainerItemProxy */;
		};
/* End PBXTargetDependency section */

/* Begin PBXVariantGroup section */
		897D3ED1291283C9008C8E86 /* Main.storyboard */ = {
			isa = PBXVariantGroup;
			children = (
				897D3ED2291283C9008C8E86 /* Base */,
			);
			name = Main.storyboard;
			sourceTree = "<group>";
		};
		897D3ED6291283CB008C8E86 /* LaunchScreen.storyboard */ = {
			isa = PBXVariantGroup;
			children = (
				897D3ED7291283CB008C8E86 /* Base */,
			);
			name = LaunchScreen.storyboard;
			sourceTree = "<group>";
		};
/* End PBXVariantGroup section */

/* Begin XCBuildConfiguration section */
		897D3EF0291283CB008C8E86 /* Debug */ = {
			isa = XCBuildConfiguration;
			buildSettings = {
				ALWAYS_SEARCH_USER_PATHS = NO;
				CLANG_ANALYZER_NONNULL = YES;
				CLANG_ANALYZER_NUMBER_OBJECT_CONVERSION = YES_AGGRESSIVE;
				CLANG_CXX_LANGUAGE_STANDARD = "gnu++17";
				CLANG_ENABLE_MODULES = YES;
				CLANG_ENABLE_OBJC_ARC = YES;
				CLANG_ENABLE_OBJC_WEAK = YES;
				CLANG_WARN_BLOCK_CAPTURE_AUTORELEASING = YES;
				CLANG_WARN_BOOL_CONVERSION = YES;
				CLANG_WARN_COMMA = YES;
				CLANG_WARN_CONSTANT_CONVERSION = YES;
				CLANG_WARN_DEPRECATED_OBJC_IMPLEMENTATIONS = YES;
				CLANG_WARN_DIRECT_OBJC_ISA_USAGE = YES_ERROR;
				CLANG_WARN_DOCUMENTATION_COMMENTS = YES;
				CLANG_WARN_EMPTY_BODY = YES;
				CLANG_WARN_ENUM_CONVERSION = YES;
				CLANG_WARN_INFINITE_RECURSION = YES;
				CLANG_WARN_INT_CONVERSION = YES;
				CLANG_WARN_NON_LITERAL_NULL_CONVERSION = YES;
				CLANG_WARN_OBJC_IMPLICIT_RETAIN_SELF = YES;
				CLANG_WARN_OBJC_LITERAL_CONVERSION = YES;
				CLANG_WARN_OBJC_ROOT_CLASS = YES_ERROR;
				CLANG_WARN_QUOTED_INCLUDE_IN_FRAMEWORK_HEADER = YES;
				CLANG_WARN_RANGE_LOOP_ANALYSIS = YES;
				CLANG_WARN_STRICT_PROTOTYPES = YES;
				CLANG_WARN_SUSPICIOUS_MOVE = YES;
				CLANG_WARN_UNGUARDED_AVAILABILITY = YES_AGGRESSIVE;
				CLANG_WARN_UNREACHABLE_CODE = YES;
				CLANG_WARN__DUPLICATE_METHOD_MATCH = YES;
				COPY_PHASE_STRIP = NO;
				DEBUG_INFORMATION_FORMAT = dwarf;
				ENABLE_STRICT_OBJC_MSGSEND = YES;
				ENABLE_TESTABILITY = YES;
				GCC_C_LANGUAGE_STANDARD = gnu11;
				GCC_DYNAMIC_NO_PIC = NO;
				GCC_NO_COMMON_BLOCKS = YES;
				GCC_OPTIMIZATION_LEVEL = 0;
				GCC_PREPROCESSOR_DEFINITIONS = (
					"DEBUG=1",
					"$(inherited)",
				);
				GCC_WARN_64_TO_32_BIT_CONVERSION = YES;
				GCC_WARN_ABOUT_RETURN_TYPE = YES_ERROR;
				GCC_WARN_UNDECLARED_SELECTOR = YES;
				GCC_WARN_UNINITIALIZED_AUTOS = YES_AGGRESSIVE;
				GCC_WARN_UNUSED_FUNCTION = YES;
				GCC_WARN_UNUSED_VARIABLE = YES;
				IPHONEOS_DEPLOYMENT_TARGET = 15.5;
				MTL_ENABLE_DEBUG_INFO = INCLUDE_SOURCE;
				MTL_FAST_MATH = YES;
				ONLY_ACTIVE_ARCH = YES;
				SDKROOT = iphoneos;
				SWIFT_ACTIVE_COMPILATION_CONDITIONS = DEBUG;
				SWIFT_OPTIMIZATION_LEVEL = "-Onone";
			};
			name = Debug;
		};
		897D3EF1291283CB008C8E86 /* Release */ = {
			isa = XCBuildConfiguration;
			buildSettings = {
				ALWAYS_SEARCH_USER_PATHS = NO;
				CLANG_ANALYZER_NONNULL = YES;
				CLANG_ANALYZER_NUMBER_OBJECT_CONVERSION = YES_AGGRESSIVE;
				CLANG_CXX_LANGUAGE_STANDARD = "gnu++17";
				CLANG_ENABLE_MODULES = YES;
				CLANG_ENABLE_OBJC_ARC = YES;
				CLANG_ENABLE_OBJC_WEAK = YES;
				CLANG_WARN_BLOCK_CAPTURE_AUTORELEASING = YES;
				CLANG_WARN_BOOL_CONVERSION = YES;
				CLANG_WARN_COMMA = YES;
				CLANG_WARN_CONSTANT_CONVERSION = YES;
				CLANG_WARN_DEPRECATED_OBJC_IMPLEMENTATIONS = YES;
				CLANG_WARN_DIRECT_OBJC_ISA_USAGE = YES_ERROR;
				CLANG_WARN_DOCUMENTATION_COMMENTS = YES;
				CLANG_WARN_EMPTY_BODY = YES;
				CLANG_WARN_ENUM_CONVERSION = YES;
				CLANG_WARN_INFINITE_RECURSION = YES;
				CLANG_WARN_INT_CONVERSION = YES;
				CLANG_WARN_NON_LITERAL_NULL_CONVERSION = YES;
				CLANG_WARN_OBJC_IMPLICIT_RETAIN_SELF = YES;
				CLANG_WARN_OBJC_LITERAL_CONVERSION = YES;
				CLANG_WARN_OBJC_ROOT_CLASS = YES_ERROR;
				CLANG_WARN_QUOTED_INCLUDE_IN_FRAMEWORK_HEADER = YES;
				CLANG_WARN_RANGE_LOOP_ANALYSIS = YES;
				CLANG_WARN_STRICT_PROTOTYPES = YES;
				CLANG_WARN_SUSPICIOUS_MOVE = YES;
				CLANG_WARN_UNGUARDED_AVAILABILITY = YES_AGGRESSIVE;
				CLANG_WARN_UNREACHABLE_CODE = YES;
				CLANG_WARN__DUPLICATE_METHOD_MATCH = YES;
				COPY_PHASE_STRIP = NO;
				DEBUG_INFORMATION_FORMAT = "dwarf-with-dsym";
				ENABLE_NS_ASSERTIONS = NO;
				ENABLE_STRICT_OBJC_MSGSEND = YES;
				GCC_C_LANGUAGE_STANDARD = gnu11;
				GCC_NO_COMMON_BLOCKS = YES;
				GCC_WARN_64_TO_32_BIT_CONVERSION = YES;
				GCC_WARN_ABOUT_RETURN_TYPE = YES_ERROR;
				GCC_WARN_UNDECLARED_SELECTOR = YES;
				GCC_WARN_UNINITIALIZED_AUTOS = YES_AGGRESSIVE;
				GCC_WARN_UNUSED_FUNCTION = YES;
				GCC_WARN_UNUSED_VARIABLE = YES;
				IPHONEOS_DEPLOYMENT_TARGET = 15.5;
				MTL_ENABLE_DEBUG_INFO = NO;
				MTL_FAST_MATH = YES;
				SDKROOT = iphoneos;
				SWIFT_COMPILATION_MODE = wholemodule;
				SWIFT_OPTIMIZATION_LEVEL = "-O";
				VALIDATE_PRODUCT = YES;
			};
			name = Release;
		};
		897D3EF3291283CB008C8E86 /* Debug */ = {
			isa = XCBuildConfiguration;
			buildSettings = {
				ASSETCATALOG_COMPILER_APPICON_NAME = AppIcon;
				ASSETCATALOG_COMPILER_GLOBAL_ACCENT_COLOR_NAME = AccentColor;
				CODE_SIGN_STYLE = Automatic;
				CURRENT_PROJECT_VERSION = 1;
				GENERATE_INFOPLIST_FILE = YES;
				INFOPLIST_FILE = demo/Info.plist;
				INFOPLIST_KEY_UIApplicationSupportsIndirectInputEvents = YES;
				INFOPLIST_KEY_UILaunchStoryboardName = LaunchScreen;
				INFOPLIST_KEY_UIMainStoryboardFile = Main;
				INFOPLIST_KEY_UISupportedInterfaceOrientations_iPad = "UIInterfaceOrientationPortrait UIInterfaceOrientationPortraitUpsideDown UIInterfaceOrientationLandscapeLeft UIInterfaceOrientationLandscapeRight";
				INFOPLIST_KEY_UISupportedInterfaceOrientations_iPhone = "UIInterfaceOrientationPortrait UIInterfaceOrientationLandscapeLeft UIInterfaceOrientationLandscapeRight";
				LD_RUNPATH_SEARCH_PATHS = (
					"$(inherited)",
					"@executable_path/Frameworks",
				);
				MARKETING_VERSION = 1.0;
				PRODUCT_BUNDLE_IDENTIFIER = com.new.demo.demo;
				PRODUCT_NAME = "$(TARGET_NAME)";
				SWIFT_EMIT_LOC_STRINGS = YES;
				SWIFT_VERSION = 5.0;
				TARGETED_DEVICE_FAMILY = "1,2";
			};
			name = Debug;
		};
		897D3EF4291283CB008C8E86 /* Release */ = {
			isa = XCBuildConfiguration;
			buildSettings = {
				ASSETCATALOG_COMPILER_APPICON_NAME = AppIcon;
				ASSETCATALOG_COMPILER_GLOBAL_ACCENT_COLOR_NAME = AccentColor;
				CODE_SIGN_STYLE = Automatic;
				CURRENT_PROJECT_VERSION = 1;
				GENERATE_INFOPLIST_FILE = YES;
				INFOPLIST_FILE = demo/Info.plist;
				INFOPLIST_KEY_UIApplicationSupportsIndirectInputEvents = YES;
				INFOPLIST_KEY_UILaunchStoryboardName = LaunchScreen;
				INFOPLIST_KEY_UIMainStoryboardFile = Main;
				INFOPLIST_KEY_UISupportedInterfaceOrientations_iPad = "UIInterfaceOrientationPortrait UIInterfaceOrientationPortraitUpsideDown UIInterfaceOrientationLandscapeLeft UIInterfaceOrientationLandscapeRight";
				INFOPLIST_KEY_UISupportedInterfaceOrientations_iPhone = "UIInterfaceOrientationPortrait UIInterfaceOrientationLandscapeLeft UIInterfaceOrientationLandscapeRight";
				LD_RUNPATH_SEARCH_PATHS = (
					"$(inherited)",
					"@executable_path/Frameworks",
				);
				MARKETING_VERSION = 1.0;
				PRODUCT_BUNDLE_IDENTIFIER = com.new.demo.demo;
				PRODUCT_NAME = "$(TARGET_NAME)";
				SWIFT_EMIT_LOC_STRINGS = YES;
				SWIFT_VERSION = 5.0;
				TARGETED_DEVICE_FAMILY = "1,2";
			};
			name = Release;
		};
		897D3EF6291283CB008C8E86 /* Debug */ = {
			isa = XCBuildConfiguration;
			buildSettings = {
				ALWAYS_EMBED_SWIFT_STANDARD_LIBRARIES = YES;
				BUNDLE_LOADER = "$(TEST_HOST)";
				CODE_SIGN_STYLE = Automatic;
				CURRENT_PROJECT_VERSION = 1;
				GENERATE_INFOPLIST_FILE = YES;
				IPHONEOS_DEPLOYMENT_TARGET = 15.5;
				MARKETING_VERSION = 1.0;
				PRODUCT_BUNDLE_IDENTIFIER = com.new.demo.demoTests;
				PRODUCT_NAME = "$(TARGET_NAME)";
				SWIFT_EMIT_LOC_STRINGS = NO;
				SWIFT_VERSION = 5.0;
				TARGETED_DEVICE_FAMILY = "1,2";
				TEST_HOST = "$(BUILT_PRODUCTS_DIR)/demo.app/demo";
			};
			name = Debug;
		};
		897D3EF7291283CB008C8E86 /* Release */ = {
			isa = XCBuildConfiguration;
			buildSettings = {
				ALWAYS_EMBED_SWIFT_STANDARD_LIBRARIES = YES;
				BUNDLE_LOADER = "$(TEST_HOST)";
				CODE_SIGN_STYLE = Automatic;
				CURRENT_PROJECT_VERSION = 1;
				GENERATE_INFOPLIST_FILE = YES;
				IPHONEOS_DEPLOYMENT_TARGET = 15.5;
				MARKETING_VERSION = 1.0;
				PRODUCT_BUNDLE_IDENTIFIER = com.new.demo.demoTests;
				PRODUCT_NAME = "$(TARGET_NAME)";
				SWIFT_EMIT_LOC_STRINGS = NO;
				SWIFT_VERSION = 5.0;
				TARGETED_DEVICE_FAMILY = "1,2";
				TEST_HOST = "$(BUILT_PRODUCTS_DIR)/demo.app/demo";
			};
			name = Release;
		};
		897D3EF9291283CB008C8E86 /* Debug */ = {
			isa = XCBuildConfiguration;
			buildSettings = {
				ALWAYS_EMBED_SWIFT_STANDARD_LIBRARIES = YES;
				CODE_SIGN_STYLE = Automatic;
				CURRENT_PROJECT_VERSION = 1;
				GENERATE_INFOPLIST_FILE = YES;
				MARKETING_VERSION = 1.0;
				PRODUCT_BUNDLE_IDENTIFIER = com.new.demo.demoUITests;
				PRODUCT_NAME = "$(TARGET_NAME)";
				SWIFT_EMIT_LOC_STRINGS = NO;
				SWIFT_VERSION = 5.0;
				TARGETED_DEVICE_FAMILY = "1,2";
				TEST_TARGET_NAME = demo;
			};
			name = Debug;
		};
		897D3EFA291283CB008C8E86 /* Release */ = {
			isa = XCBuildConfiguration;
			buildSettings = {
				ALWAYS_EMBED_SWIFT_STANDARD_LIBRARIES = YES;
				CODE_SIGN_STYLE = Automatic;
				CURRENT_PROJECT_VERSION = 1;
				GENERATE_INFOPLIST_FILE = YES;
				MARKETING_VERSION = 1.0;
				PRODUCT_BUNDLE_IDENTIFIER = com.new.demo.demoUITests;
				PRODUCT_NAME = "$(TARGET_NAME)";
				SWIFT_EMIT_LOC_STRINGS = NO;
				SWIFT_VERSION = 5.0;
				TARGETED_DEVICE_FAMILY = "1,2";
				TEST_TARGET_NAME = demo;
			};
			name = Release;
		};
/* End XCBuildConfiguration section */

/* Begin XCConfigurationList section */
		897D3EC3291283C9008C8E86 /* Build configuration list for PBXProject "demo" */ = {
			isa = XCConfigurationList;
			buildConfigurations = (
				897D3EF0291283CB008C8E86 /* Debug */,
				897D3EF1291283CB008C8E86 /* Release */,
			);
			defaultConfigurationIsVisible = 0;
			defaultConfigurationName = Release;
		};
		897D3EF2291283CB008C8E86 /* Build configuration list for PBXNativeTarget "demo" */ = {
			isa = XCConfigurationList;
			buildConfigurations = (
				897D3EF3291283CB008C8E86 /* Debug */,
				897D3EF4291283CB008C8E86 /* Release */,
			);
			defaultConfigurationIsVisible = 0;
			defaultConfigurationName = Release;
		};
		897D3EF5291283CB008C8E86 /* Build configuration list for PBXNativeTarget "demoTests" */ = {
			isa = XCConfigurationList;
			buildConfigurations = (
				897D3EF6291283CB008C8E86 /* Debug */,
				897D3EF7291283CB008C8E86 /* Release */,
			);
			defaultConfigurationIsVisible = 0;
			defaultConfigurationName = Release;
		};
		897D3EF8291283CB008C8E86 /* Build configuration list for PBXNativeTarget "demoUITests" */ = {
			isa = XCConfigurationList;
			buildConfigurations = (
				897D3EF9291283CB008C8E86 /* Debug */,
				897D3EFA291283CB008C8E86 /* Release */,
			);
			defaultConfigurationIsVisible = 0;
			defaultConfigurationName = Release;
		};
/* End XCConfigurationList section */
	};
	rootObject = 897D3EC0291283C9008C8E86 /* Project object */;
}
