// !$*UTF8*$!
{
	archiveVersion = 1;
	classes = {
	};
	objectVersion = 55;
	objects = {

/* Begin PBXBuildFile section */
		8977FF5A293F538A0003911F /* AppDelegate.swift in Sources */ = {isa = PBXBuildFile; fileRef = 8977FF59293F538A0003911F /* AppDelegate.swift */; };
		8977FF5C293F538A0003911F /* SceneDelegate.swift in Sources */ = {isa = PBXBuildFile; fileRef = 8977FF5B293F538A0003911F /* SceneDelegate.swift */; };
		8977FF5E293F538A0003911F /* ViewController.swift in Sources */ = {isa = PBXBuildFile; fileRef = 8977FF5D293F538A0003911F /* ViewController.swift */; };
		8977FF61293F538A0003911F /* Main.storyboard in Resources */ = {isa = PBXBuildFile; fileRef = 8977FF5F293F538A0003911F /* Main.storyboard */; };
		8977FF63293F538B0003911F /* Assets.xcassets in Resources */ = {isa = PBXBuildFile; fileRef = 8977FF62293F538B0003911F /* Assets.xcassets */; };
		8977FF66293F538B0003911F /* LaunchScreen.storyboard in Resources */ = {isa = PBXBuildFile; fileRef = 8977FF64293F538B0003911F /* LaunchScreen.storyboard */; };
		8977FF6E293F5D1B0003911F /* Constant.swift in Sources */ = {isa = PBXBuildFile; fileRef = 8977FF6D293F5D1B0003911F /* Constant.swift */; };
		8977FF70293F741F0003911F /* SecondTableViewCell.swift in Sources */ = {isa = PBXBuildFile; fileRef = 8977FF6F293F741F0003911F /* SecondTableViewCell.swift */; };
		8977FF742940313E0003911F /* DetailedViewController.swift in Sources */ = {isa = PBXBuildFile; fileRef = 8977FF732940313E0003911F /* DetailedViewController.swift */; };
/* End PBXBuildFile section */

/* Begin PBXFileReference section */
		8977FF56293F538A0003911F /* Saifur_30016_Dec06.app */ = {isa = PBXFileReference; explicitFileType = wrapper.application; includeInIndex = 0; path = Saifur_30016_Dec06.app; sourceTree = BUILT_PRODUCTS_DIR; };
		8977FF59293F538A0003911F /* AppDelegate.swift */ = {isa = PBXFileReference; lastKnownFileType = sourcecode.swift; path = AppDelegate.swift; sourceTree = "<group>"; };
		8977FF5B293F538A0003911F /* SceneDelegate.swift */ = {isa = PBXFileReference; lastKnownFileType = sourcecode.swift; path = SceneDelegate.swift; sourceTree = "<group>"; };
		8977FF5D293F538A0003911F /* ViewController.swift */ = {isa = PBXFileReference; lastKnownFileType = sourcecode.swift; path = ViewController.swift; sourceTree = "<group>"; };
		8977FF60293F538A0003911F /* Base */ = {isa = PBXFileReference; lastKnownFileType = file.storyboard; name = Base; path = Base.lproj/Main.storyboard; sourceTree = "<group>"; };
		8977FF62293F538B0003911F /* Assets.xcassets */ = {isa = PBXFileReference; lastKnownFileType = folder.assetcatalog; path = Assets.xcassets; sourceTree = "<group>"; };
		8977FF65293F538B0003911F /* Base */ = {isa = PBXFileReference; lastKnownFileType = file.storyboard; name = Base; path = Base.lproj/LaunchScreen.storyboard; sourceTree = "<group>"; };
		8977FF67293F538B0003911F /* Info.plist */ = {isa = PBXFileReference; lastKnownFileType = text.plist.xml; path = Info.plist; sourceTree = "<group>"; };
		8977FF6D293F5D1B0003911F /* Constant.swift */ = {isa = PBXFileReference; lastKnownFileType = sourcecode.swift; path = Constant.swift; sourceTree = "<group>"; };
		8977FF6F293F741F0003911F /* SecondTableViewCell.swift */ = {isa = PBXFileReference; lastKnownFileType = sourcecode.swift; path = SecondTableViewCell.swift; sourceTree = "<group>"; };
		8977FF732940313E0003911F /* DetailedViewController.swift */ = {isa = PBXFileReference; lastKnownFileType = sourcecode.swift; path = DetailedViewController.swift; sourceTree = "<group>"; };
/* End PBXFileReference section */

/* Begin PBXFrameworksBuildPhase section */
		8977FF53293F538A0003911F /* Frameworks */ = {
			isa = PBXFrameworksBuildPhase;
			buildActionMask = 2147483647;
			files = (
			);
			runOnlyForDeploymentPostprocessing = 0;
		};
/* End PBXFrameworksBuildPhase section */

/* Begin PBXGroup section */
		8977FF4D293F538A0003911F = {
			isa = PBXGroup;
			children = (
				8977FF58293F538A0003911F /* Saifur_30016_Dec06 */,
				8977FF57293F538A0003911F /* Products */,
			);
			sourceTree = "<group>";
		};
		8977FF57293F538A0003911F /* Products */ = {
			isa = PBXGroup;
			children = (
				8977FF56293F538A0003911F /* Saifur_30016_Dec06.app */,
			);
			name = Products;
			sourceTree = "<group>";
		};
		8977FF58293F538A0003911F /* Saifur_30016_Dec06 */ = {
			isa = PBXGroup;
			children = (
				8977FF59293F538A0003911F /* AppDelegate.swift */,
				8977FF5B293F538A0003911F /* SceneDelegate.swift */,
				8977FF5D293F538A0003911F /* ViewController.swift */,
				8977FF732940313E0003911F /* DetailedViewController.swift */,
				8977FF6F293F741F0003911F /* SecondTableViewCell.swift */,
				8977FF5F293F538A0003911F /* Main.storyboard */,
				8977FF6D293F5D1B0003911F /* Constant.swift */,
				8977FF62293F538B0003911F /* Assets.xcassets */,
				8977FF64293F538B0003911F /* LaunchScreen.storyboard */,
				8977FF67293F538B0003911F /* Info.plist */,
			);
			path = Saifur_30016_Dec06;
			sourceTree = "<group>";
		};
/* End PBXGroup section */

/* Begin PBXNativeTarget section */
		8977FF55293F538A0003911F /* Saifur_30016_Dec06 */ = {
			isa = PBXNativeTarget;
			buildConfigurationList = 8977FF6A293F538B0003911F /* Build configuration list for PBXNativeTarget "Saifur_30016_Dec06" */;
			buildPhases = (
				8977FF52293F538A0003911F /* Sources */,
				8977FF53293F538A0003911F /* Frameworks */,
				8977FF54293F538A0003911F /* Resources */,
			);
			buildRules = (
			);
			dependencies = (
			);
			name = Saifur_30016_Dec06;
			productName = Saifur_30016_Dec06;
			productReference = 8977FF56293F538A0003911F /* Saifur_30016_Dec06.app */;
			productType = "com.apple.product-type.application";
		};
/* End PBXNativeTarget section */

/* Begin PBXProject section */
		8977FF4E293F538A0003911F /* Project object */ = {
			isa = PBXProject;
			attributes = {
				BuildIndependentTargetsInParallel = 1;
				LastSwiftUpdateCheck = 1340;
				LastUpgradeCheck = 1340;
				TargetAttributes = {
					8977FF55293F538A0003911F = {
						CreatedOnToolsVersion = 13.4;
					};
				};
			};
			buildConfigurationList = 8977FF51293F538A0003911F /* Build configuration list for PBXProject "Saifur_30016_Dec06" */;
			compatibilityVersion = "Xcode 13.0";
			developmentRegion = en;
			hasScannedForEncodings = 0;
			knownRegions = (
				en,
				Base,
			);
			mainGroup = 8977FF4D293F538A0003911F;
			productRefGroup = 8977FF57293F538A0003911F /* Products */;
			projectDirPath = "";
			projectRoot = "";
			targets = (
				8977FF55293F538A0003911F /* Saifur_30016_Dec06 */,
			);
		};
/* End PBXProject section */

/* Begin PBXResourcesBuildPhase section */
		8977FF54293F538A0003911F /* Resources */ = {
			isa = PBXResourcesBuildPhase;
			buildActionMask = 2147483647;
			files = (
				8977FF66293F538B0003911F /* LaunchScreen.storyboard in Resources */,
				8977FF63293F538B0003911F /* Assets.xcassets in Resources */,
				8977FF61293F538A0003911F /* Main.storyboard in Resources */,
			);
			runOnlyForDeploymentPostprocessing = 0;
		};
/* End PBXResourcesBuildPhase section */

/* Begin PBXSourcesBuildPhase section */
		8977FF52293F538A0003911F /* Sources */ = {
			isa = PBXSourcesBuildPhase;
			buildActionMask = 2147483647;
			files = (
				8977FF5E293F538A0003911F /* ViewController.swift in Sources */,
				8977FF70293F741F0003911F /* SecondTableViewCell.swift in Sources */,
				8977FF742940313E0003911F /* DetailedViewController.swift in Sources */,
				8977FF6E293F5D1B0003911F /* Constant.swift in Sources */,
				8977FF5A293F538A0003911F /* AppDelegate.swift in Sources */,
				8977FF5C293F538A0003911F /* SceneDelegate.swift in Sources */,
			);
			runOnlyForDeploymentPostprocessing = 0;
		};
/* End PBXSourcesBuildPhase section */

/* Begin PBXVariantGroup section */
		8977FF5F293F538A0003911F /* Main.storyboard */ = {
			isa = PBXVariantGroup;
			children = (
				8977FF60293F538A0003911F /* Base */,
			);
			name = Main.storyboard;
			sourceTree = "<group>";
		};
		8977FF64293F538B0003911F /* LaunchScreen.storyboard */ = {
			isa = PBXVariantGroup;
			children = (
				8977FF65293F538B0003911F /* Base */,
			);
			name = LaunchScreen.storyboard;
			sourceTree = "<group>";
		};
/* End PBXVariantGroup section */

/* Begin XCBuildConfiguration section */
		8977FF68293F538B0003911F /* Debug */ = {
			isa = XCBuildConfiguration;
			buildSettings = {
				ALWAYS_SEARCH_USER_PATHS = NO;
				CLANG_ANALYZER_NONNULL = YES;
				CLANG_ANALYZER_NUMBER_OBJECT_CONVERSION = YES_AGGRESSIVE;
				CLANG_CXX_LANGUAGE_STANDARD = "gnu++17";
				CLANG_ENABLE_MODULES = YES;
				CLANG_ENABLE_OBJC_ARC = YES;
				CLANG_ENABLE_OBJC_WEAK = YES;
				CLANG_WARN_BLOCK_CAPTURE_AUTORELEASING = YES;
				CLANG_WARN_BOOL_CONVERSION = YES;
				CLANG_WARN_COMMA = YES;
				CLANG_WARN_CONSTANT_CONVERSION = YES;
				CLANG_WARN_DEPRECATED_OBJC_IMPLEMENTATIONS = YES;
				CLANG_WARN_DIRECT_OBJC_ISA_USAGE = YES_ERROR;
				CLANG_WARN_DOCUMENTATION_COMMENTS = YES;
				CLANG_WARN_EMPTY_BODY = YES;
				CLANG_WARN_ENUM_CONVERSION = YES;
				CLANG_WARN_INFINITE_RECURSION = YES;
				CLANG_WARN_INT_CONVERSION = YES;
				CLANG_WARN_NON_LITERAL_NULL_CONVERSION = YES;
				CLANG_WARN_OBJC_IMPLICIT_RETAIN_SELF = YES;
				CLANG_WARN_OBJC_LITERAL_CONVERSION = YES;
				CLANG_WARN_OBJC_ROOT_CLASS = YES_ERROR;
				CLANG_WARN_QUOTED_INCLUDE_IN_FRAMEWORK_HEADER = YES;
				CLANG_WARN_RANGE_LOOP_ANALYSIS = YES;
				CLANG_WARN_STRICT_PROTOTYPES = YES;
				CLANG_WARN_SUSPICIOUS_MOVE = YES;
				CLANG_WARN_UNGUARDED_AVAILABILITY = YES_AGGRESSIVE;
				CLANG_WARN_UNREACHABLE_CODE = YES;
				CLANG_WARN__DUPLICATE_METHOD_MATCH = YES;
				COPY_PHASE_STRIP = NO;
				DEBUG_INFORMATION_FORMAT = dwarf;
				ENABLE_STRICT_OBJC_MSGSEND = YES;
				ENABLE_TESTABILITY = YES;
				GCC_C_LANGUAGE_STANDARD = gnu11;
				GCC_DYNAMIC_NO_PIC = NO;
				GCC_NO_COMMON_BLOCKS = YES;
				GCC_OPTIMIZATION_LEVEL = 0;
				GCC_PREPROCESSOR_DEFINITIONS = (
					"DEBUG=1",
					"$(inherited)",
				);
				GCC_WARN_64_TO_32_BIT_CONVERSION = YES;
				GCC_WARN_ABOUT_RETURN_TYPE = YES_ERROR;
				GCC_WARN_UNDECLARED_SELECTOR = YES;
				GCC_WARN_UNINITIALIZED_AUTOS = YES_AGGRESSIVE;
				GCC_WARN_UNUSED_FUNCTION = YES;
				GCC_WARN_UNUSED_VARIABLE = YES;
				IPHONEOS_DEPLOYMENT_TARGET = 15.5;
				MTL_ENABLE_DEBUG_INFO = INCLUDE_SOURCE;
				MTL_FAST_MATH = YES;
				ONLY_ACTIVE_ARCH = YES;
				SDKROOT = iphoneos;
				SWIFT_ACTIVE_COMPILATION_CONDITIONS = DEBUG;
				SWIFT_OPTIMIZATION_LEVEL = "-Onone";
			};
			name = Debug;
		};
		8977FF69293F538B0003911F /* Release */ = {
			isa = XCBuildConfiguration;
			buildSettings = {
				ALWAYS_SEARCH_USER_PATHS = NO;
				CLANG_ANALYZER_NONNULL = YES;
				CLANG_ANALYZER_NUMBER_OBJECT_CONVERSION = YES_AGGRESSIVE;
				CLANG_CXX_LANGUAGE_STANDARD = "gnu++17";
				CLANG_ENABLE_MODULES = YES;
				CLANG_ENABLE_OBJC_ARC = YES;
				CLANG_ENABLE_OBJC_WEAK = YES;
				CLANG_WARN_BLOCK_CAPTURE_AUTORELEASING = YES;
				CLANG_WARN_BOOL_CONVERSION = YES;
				CLANG_WARN_COMMA = YES;
				CLANG_WARN_CONSTANT_CONVERSION = YES;
				CLANG_WARN_DEPRECATED_OBJC_IMPLEMENTATIONS = YES;
				CLANG_WARN_DIRECT_OBJC_ISA_USAGE = YES_ERROR;
				CLANG_WARN_DOCUMENTATION_COMMENTS = YES;
				CLANG_WARN_EMPTY_BODY = YES;
				CLANG_WARN_ENUM_CONVERSION = YES;
				CLANG_WARN_INFINITE_RECURSION = YES;
				CLANG_WARN_INT_CONVERSION = YES;
				CLANG_WARN_NON_LITERAL_NULL_CONVERSION = YES;
				CLANG_WARN_OBJC_IMPLICIT_RETAIN_SELF = YES;
				CLANG_WARN_OBJC_LITERAL_CONVERSION = YES;
				CLANG_WARN_OBJC_ROOT_CLASS = YES_ERROR;
				CLANG_WARN_QUOTED_INCLUDE_IN_FRAMEWORK_HEADER = YES;
				CLANG_WARN_RANGE_LOOP_ANALYSIS = YES;
				CLANG_WARN_STRICT_PROTOTYPES = YES;
				CLANG_WARN_SUSPICIOUS_MOVE = YES;
				CLANG_WARN_UNGUARDED_AVAILABILITY = YES_AGGRESSIVE;
				CLANG_WARN_UNREACHABLE_CODE = YES;
				CLANG_WARN__DUPLICATE_METHOD_MATCH = YES;
				COPY_PHASE_STRIP = NO;
				DEBUG_INFORMATION_FORMAT = "dwarf-with-dsym";
				ENABLE_NS_ASSERTIONS = NO;
				ENABLE_STRICT_OBJC_MSGSEND = YES;
				GCC_C_LANGUAGE_STANDARD = gnu11;
				GCC_NO_COMMON_BLOCKS = YES;
				GCC_WARN_64_TO_32_BIT_CONVERSION = YES;
				GCC_WARN_ABOUT_RETURN_TYPE = YES_ERROR;
				GCC_WARN_UNDECLARED_SELECTOR = YES;
				GCC_WARN_UNINITIALIZED_AUTOS = YES_AGGRESSIVE;
				GCC_WARN_UNUSED_FUNCTION = YES;
				GCC_WARN_UNUSED_VARIABLE = YES;
				IPHONEOS_DEPLOYMENT_TARGET = 15.5;
				MTL_ENABLE_DEBUG_INFO = NO;
				MTL_FAST_MATH = YES;
				SDKROOT = iphoneos;
				SWIFT_COMPILATION_MODE = wholemodule;
				SWIFT_OPTIMIZATION_LEVEL = "-O";
				VALIDATE_PRODUCT = YES;
			};
			name = Release;
		};
		8977FF6B293F538B0003911F /* Debug */ = {
			isa = XCBuildConfiguration;
			buildSettings = {
				ASSETCATALOG_COMPILER_APPICON_NAME = AppIcon;
				ASSETCATALOG_COMPILER_GLOBAL_ACCENT_COLOR_NAME = AccentColor;
				CODE_SIGN_STYLE = Automatic;
				CURRENT_PROJECT_VERSION = 1;
				GENERATE_INFOPLIST_FILE = YES;
				INFOPLIST_FILE = Saifur_30016_Dec06/Info.plist;
				INFOPLIST_KEY_UIApplicationSupportsIndirectInputEvents = YES;
				INFOPLIST_KEY_UILaunchStoryboardName = LaunchScreen;
				INFOPLIST_KEY_UIMainStoryboardFile = Main;
				INFOPLIST_KEY_UISupportedInterfaceOrientations_iPad = "UIInterfaceOrientationPortrait UIInterfaceOrientationPortraitUpsideDown UIInterfaceOrientationLandscapeLeft UIInterfaceOrientationLandscapeRight";
				INFOPLIST_KEY_UISupportedInterfaceOrientations_iPhone = "UIInterfaceOrientationPortrait UIInterfaceOrientationLandscapeLeft UIInterfaceOrientationLandscapeRight";
				LD_RUNPATH_SEARCH_PATHS = (
					"$(inherited)",
					"@executable_path/Frameworks",
				);
				MARKETING_VERSION = 1.0;
				PRODUCT_BUNDLE_IDENTIFIER = "com.new.demo.Saifur-30016-Dec06";
				PRODUCT_NAME = "$(TARGET_NAME)";
				SWIFT_EMIT_LOC_STRINGS = YES;
				SWIFT_VERSION = 5.0;
				TARGETED_DEVICE_FAMILY = "1,2";
			};
			name = Debug;
		};
		8977FF6C293F538B0003911F /* Release */ = {
			isa = XCBuildConfiguration;
			buildSettings = {
				ASSETCATALOG_COMPILER_APPICON_NAME = AppIcon;
				ASSETCATALOG_COMPILER_GLOBAL_ACCENT_COLOR_NAME = AccentColor;
				CODE_SIGN_STYLE = Automatic;
				CURRENT_PROJECT_VERSION = 1;
				GENERATE_INFOPLIST_FILE = YES;
				INFOPLIST_FILE = Saifur_30016_Dec06/Info.plist;
				INFOPLIST_KEY_UIApplicationSupportsIndirectInputEvents = YES;
				INFOPLIST_KEY_UILaunchStoryboardName = LaunchScreen;
				INFOPLIST_KEY_UIMainStoryboardFile = Main;
				INFOPLIST_KEY_UISupportedInterfaceOrientations_iPad = "UIInterfaceOrientationPortrait UIInterfaceOrientationPortraitUpsideDown UIInterfaceOrientationLandscapeLeft UIInterfaceOrientationLandscapeRight";
				INFOPLIST_KEY_UISupportedInterfaceOrientations_iPhone = "UIInterfaceOrientationPortrait UIInterfaceOrientationLandscapeLeft UIInterfaceOrientationLandscapeRight";
				LD_RUNPATH_SEARCH_PATHS = (
					"$(inherited)",
					"@executable_path/Frameworks",
				);
				MARKETING_VERSION = 1.0;
				PRODUCT_BUNDLE_IDENTIFIER = "com.new.demo.Saifur-30016-Dec06";
				PRODUCT_NAME = "$(TARGET_NAME)";
				SWIFT_EMIT_LOC_STRINGS = YES;
				SWIFT_VERSION = 5.0;
				TARGETED_DEVICE_FAMILY = "1,2";
			};
			name = Release;
		};
/* End XCBuildConfiguration section */

/* Begin XCConfigurationList section */
		8977FF51293F538A0003911F /* Build configuration list for PBXProject "Saifur_30016_Dec06" */ = {
			isa = XCConfigurationList;
			buildConfigurations = (
				8977FF68293F538B0003911F /* Debug */,
				8977FF69293F538B0003911F /* Release */,
			);
			defaultConfigurationIsVisible = 0;
			defaultConfigurationName = Release;
		};
		8977FF6A293F538B0003911F /* Build configuration list for PBXNativeTarget "Saifur_30016_Dec06" */ = {
			isa = XCConfigurationList;
			buildConfigurations = (
				8977FF6B293F538B0003911F /* Debug */,
				8977FF6C293F538B0003911F /* Release */,
			);
			defaultConfigurationIsVisible = 0;
			defaultConfigurationName = Release;
		};
/* End XCConfigurationList section */
	};
	rootObject = 8977FF4E293F538A0003911F /* Project object */;
}
