// !$*UTF8*$!
{
	archiveVersion = 1;
	classes = {
	};
	objectVersion = 55;
	objects = {

/* Begin PBXBuildFile section */
		8977FF1E293F33640003911F /* Constants.swift in Sources */ = {isa = PBXBuildFile; fileRef = 8977FF1D293F33640003911F /* Constants.swift */; };
		8977FF22293F37CD0003911F /* DetailedViewController.swift in Sources */ = {isa = PBXBuildFile; fileRef = 8977FF21293F37CD0003911F /* DetailedViewController.swift */; };
		8977FF48293F4ACE0003911F /* ViewController.swift in Sources */ = {isa = PBXBuildFile; fileRef = 8977FF47293F4ACE0003911F /* ViewController.swift */; };
		8977FF4A293F4FCA0003911F /* FirstTableViewCellTableViewController.swift in Sources */ = {isa = PBXBuildFile; fileRef = 8977FF49293F4FCA0003911F /* FirstTableViewCellTableViewController.swift */; };
		8977FF4C293F4FF90003911F /* FirstTableViewCell.swift in Sources */ = {isa = PBXBuildFile; fileRef = 8977FF4B293F4FF90003911F /* FirstTableViewCell.swift */; };
		89CB8C6F293DEF0500C10899 /* AppDelegate.swift in Sources */ = {isa = PBXBuildFile; fileRef = 89CB8C6E293DEF0500C10899 /* AppDelegate.swift */; };
		89CB8C71293DEF0500C10899 /* SceneDelegate.swift in Sources */ = {isa = PBXBuildFile; fileRef = 89CB8C70293DEF0500C10899 /* SceneDelegate.swift */; };
		89CB8C76293DEF0500C10899 /* Main.storyboard in Resources */ = {isa = PBXBuildFile; fileRef = 89CB8C74293DEF0500C10899 /* Main.storyboard */; };
		89CB8C78293DEF0700C10899 /* Assets.xcassets in Resources */ = {isa = PBXBuildFile; fileRef = 89CB8C77293DEF0700C10899 /* Assets.xcassets */; };
		89CB8C7B293DEF0700C10899 /* LaunchScreen.storyboard in Resources */ = {isa = PBXBuildFile; fileRef = 89CB8C79293DEF0700C10899 /* LaunchScreen.storyboard */; };
/* End PBXBuildFile section */

/* Begin PBXFileReference section */
		8977FF1D293F33640003911F /* Constants.swift */ = {isa = PBXFileReference; lastKnownFileType = sourcecode.swift; path = Constants.swift; sourceTree = "<group>"; };
		8977FF21293F37CD0003911F /* DetailedViewController.swift */ = {isa = PBXFileReference; lastKnownFileType = sourcecode.swift; path = DetailedViewController.swift; sourceTree = "<group>"; };
		8977FF47293F4ACE0003911F /* ViewController.swift */ = {isa = PBXFileReference; lastKnownFileType = sourcecode.swift; path = ViewController.swift; sourceTree = "<group>"; };
		8977FF49293F4FCA0003911F /* FirstTableViewCellTableViewController.swift */ = {isa = PBXFileReference; lastKnownFileType = sourcecode.swift; path = FirstTableViewCellTableViewController.swift; sourceTree = "<group>"; };
		8977FF4B293F4FF90003911F /* FirstTableViewCell.swift */ = {isa = PBXFileReference; lastKnownFileType = sourcecode.swift; path = FirstTableViewCell.swift; sourceTree = "<group>"; };
		89CB8C6B293DEF0500C10899 /* Saifur_30016_Dec5.app */ = {isa = PBXFileReference; explicitFileType = wrapper.application; includeInIndex = 0; path = Saifur_30016_Dec5.app; sourceTree = BUILT_PRODUCTS_DIR; };
		89CB8C6E293DEF0500C10899 /* AppDelegate.swift */ = {isa = PBXFileReference; lastKnownFileType = sourcecode.swift; path = AppDelegate.swift; sourceTree = "<group>"; };
		89CB8C70293DEF0500C10899 /* SceneDelegate.swift */ = {isa = PBXFileReference; lastKnownFileType = sourcecode.swift; path = SceneDelegate.swift; sourceTree = "<group>"; };
		89CB8C75293DEF0500C10899 /* Base */ = {isa = PBXFileReference; lastKnownFileType = file.storyboard; name = Base; path = Base.lproj/Main.storyboard; sourceTree = "<group>"; };
		89CB8C77293DEF0700C10899 /* Assets.xcassets */ = {isa = PBXFileReference; lastKnownFileType = folder.assetcatalog; path = Assets.xcassets; sourceTree = "<group>"; };
		89CB8C7A293DEF0700C10899 /* Base */ = {isa = PBXFileReference; lastKnownFileType = file.storyboard; name = Base; path = Base.lproj/LaunchScreen.storyboard; sourceTree = "<group>"; };
		89CB8C7C293DEF0700C10899 /* Info.plist */ = {isa = PBXFileReference; lastKnownFileType = text.plist.xml; path = Info.plist; sourceTree = "<group>"; };
/* End PBXFileReference section */

/* Begin PBXFrameworksBuildPhase section */
		89CB8C68293DEF0500C10899 /* Frameworks */ = {
			isa = PBXFrameworksBuildPhase;
			buildActionMask = 2147483647;
			files = (
			);
			runOnlyForDeploymentPostprocessing = 0;
		};
/* End PBXFrameworksBuildPhase section */

/* Begin PBXGroup section */
		89CB8C62293DEF0500C10899 = {
			isa = PBXGroup;
			children = (
				8977FF47293F4ACE0003911F /* ViewController.swift */,
				89CB8C6D293DEF0500C10899 /* Saifur_30016_Dec5 */,
				89CB8C6C293DEF0500C10899 /* Products */,
			);
			sourceTree = "<group>";
		};
		89CB8C6C293DEF0500C10899 /* Products */ = {
			isa = PBXGroup;
			children = (
				89CB8C6B293DEF0500C10899 /* Saifur_30016_Dec5.app */,
			);
			name = Products;
			sourceTree = "<group>";
		};
		89CB8C6D293DEF0500C10899 /* Saifur_30016_Dec5 */ = {
			isa = PBXGroup;
			children = (
				89CB8C6E293DEF0500C10899 /* AppDelegate.swift */,
				89CB8C70293DEF0500C10899 /* SceneDelegate.swift */,
				89CB8C74293DEF0500C10899 /* Main.storyboard */,
				8977FF49293F4FCA0003911F /* FirstTableViewCellTableViewController.swift */,
				8977FF4B293F4FF90003911F /* FirstTableViewCell.swift */,
				8977FF21293F37CD0003911F /* DetailedViewController.swift */,
				8977FF1D293F33640003911F /* Constants.swift */,
				89CB8C77293DEF0700C10899 /* Assets.xcassets */,
				89CB8C79293DEF0700C10899 /* LaunchScreen.storyboard */,
				89CB8C7C293DEF0700C10899 /* Info.plist */,
			);
			path = Saifur_30016_Dec5;
			sourceTree = "<group>";
		};
/* End PBXGroup section */

/* Begin PBXNativeTarget section */
		89CB8C6A293DEF0500C10899 /* Saifur_30016_Dec5 */ = {
			isa = PBXNativeTarget;
			buildConfigurationList = 89CB8C7F293DEF0700C10899 /* Build configuration list for PBXNativeTarget "Saifur_30016_Dec5" */;
			buildPhases = (
				89CB8C67293DEF0500C10899 /* Sources */,
				89CB8C68293DEF0500C10899 /* Frameworks */,
				89CB8C69293DEF0500C10899 /* Resources */,
			);
			buildRules = (
			);
			dependencies = (
			);
			name = Saifur_30016_Dec5;
			productName = Saifur_30016_Dec5;
			productReference = 89CB8C6B293DEF0500C10899 /* Saifur_30016_Dec5.app */;
			productType = "com.apple.product-type.application";
		};
/* End PBXNativeTarget section */

/* Begin PBXProject section */
		89CB8C63293DEF0500C10899 /* Project object */ = {
			isa = PBXProject;
			attributes = {
				BuildIndependentTargetsInParallel = 1;
				LastSwiftUpdateCheck = 1340;
				LastUpgradeCheck = 1340;
				TargetAttributes = {
					89CB8C6A293DEF0500C10899 = {
						CreatedOnToolsVersion = 13.4;
					};
				};
			};
			buildConfigurationList = 89CB8C66293DEF0500C10899 /* Build configuration list for PBXProject "Saifur_30016_Dec5" */;
			compatibilityVersion = "Xcode 13.0";
			developmentRegion = en;
			hasScannedForEncodings = 0;
			knownRegions = (
				en,
				Base,
			);
			mainGroup = 89CB8C62293DEF0500C10899;
			productRefGroup = 89CB8C6C293DEF0500C10899 /* Products */;
			projectDirPath = "";
			projectRoot = "";
			targets = (
				89CB8C6A293DEF0500C10899 /* Saifur_30016_Dec5 */,
			);
		};
/* End PBXProject section */

/* Begin PBXResourcesBuildPhase section */
		89CB8C69293DEF0500C10899 /* Resources */ = {
			isa = PBXResourcesBuildPhase;
			buildActionMask = 2147483647;
			files = (
				89CB8C7B293DEF0700C10899 /* LaunchScreen.storyboard in Resources */,
				89CB8C78293DEF0700C10899 /* Assets.xcassets in Resources */,
				89CB8C76293DEF0500C10899 /* Main.storyboard in Resources */,
			);
			runOnlyForDeploymentPostprocessing = 0;
		};
/* End PBXResourcesBuildPhase section */

/* Begin PBXSourcesBuildPhase section */
		89CB8C67293DEF0500C10899 /* Sources */ = {
			isa = PBXSourcesBuildPhase;
			buildActionMask = 2147483647;
			files = (
				8977FF48293F4ACE0003911F /* ViewController.swift in Sources */,
				8977FF1E293F33640003911F /* Constants.swift in Sources */,
				8977FF4A293F4FCA0003911F /* FirstTableViewCellTableViewController.swift in Sources */,
				8977FF22293F37CD0003911F /* DetailedViewController.swift in Sources */,
				89CB8C6F293DEF0500C10899 /* AppDelegate.swift in Sources */,
				89CB8C71293DEF0500C10899 /* SceneDelegate.swift in Sources */,
				8977FF4C293F4FF90003911F /* FirstTableViewCell.swift in Sources */,
			);
			runOnlyForDeploymentPostprocessing = 0;
		};
/* End PBXSourcesBuildPhase section */

/* Begin PBXVariantGroup section */
		89CB8C74293DEF0500C10899 /* Main.storyboard */ = {
			isa = PBXVariantGroup;
			children = (
				89CB8C75293DEF0500C10899 /* Base */,
			);
			name = Main.storyboard;
			sourceTree = "<group>";
		};
		89CB8C79293DEF0700C10899 /* LaunchScreen.storyboard */ = {
			isa = PBXVariantGroup;
			children = (
				89CB8C7A293DEF0700C10899 /* Base */,
			);
			name = LaunchScreen.storyboard;
			sourceTree = "<group>";
		};
/* End PBXVariantGroup section */

/* Begin XCBuildConfiguration section */
		89CB8C7D293DEF0700C10899 /* Debug */ = {
			isa = XCBuildConfiguration;
			buildSettings = {
				ALWAYS_SEARCH_USER_PATHS = NO;
				CLANG_ANALYZER_NONNULL = YES;
				CLANG_ANALYZER_NUMBER_OBJECT_CONVERSION = YES_AGGRESSIVE;
				CLANG_CXX_LANGUAGE_STANDARD = "gnu++17";
				CLANG_ENABLE_MODULES = YES;
				CLANG_ENABLE_OBJC_ARC = YES;
				CLANG_ENABLE_OBJC_WEAK = YES;
				CLANG_WARN_BLOCK_CAPTURE_AUTORELEASING = YES;
				CLANG_WARN_BOOL_CONVERSION = YES;
				CLANG_WARN_COMMA = YES;
				CLANG_WARN_CONSTANT_CONVERSION = YES;
				CLANG_WARN_DEPRECATED_OBJC_IMPLEMENTATIONS = YES;
				CLANG_WARN_DIRECT_OBJC_ISA_USAGE = YES_ERROR;
				CLANG_WARN_DOCUMENTATION_COMMENTS = YES;
				CLANG_WARN_EMPTY_BODY = YES;
				CLANG_WARN_ENUM_CONVERSION = YES;
				CLANG_WARN_INFINITE_RECURSION = YES;
				CLANG_WARN_INT_CONVERSION = YES;
				CLANG_WARN_NON_LITERAL_NULL_CONVERSION = YES;
				CLANG_WARN_OBJC_IMPLICIT_RETAIN_SELF = YES;
				CLANG_WARN_OBJC_LITERAL_CONVERSION = YES;
				CLANG_WARN_OBJC_ROOT_CLASS = YES_ERROR;
				CLANG_WARN_QUOTED_INCLUDE_IN_FRAMEWORK_HEADER = YES;
				CLANG_WARN_RANGE_LOOP_ANALYSIS = YES;
				CLANG_WARN_STRICT_PROTOTYPES = YES;
				CLANG_WARN_SUSPICIOUS_MOVE = YES;
				CLANG_WARN_UNGUARDED_AVAILABILITY = YES_AGGRESSIVE;
				CLANG_WARN_UNREACHABLE_CODE = YES;
				CLANG_WARN__DUPLICATE_METHOD_MATCH = YES;
				COPY_PHASE_STRIP = NO;
				DEBUG_INFORMATION_FORMAT = dwarf;
				ENABLE_STRICT_OBJC_MSGSEND = YES;
				ENABLE_TESTABILITY = YES;
				GCC_C_LANGUAGE_STANDARD = gnu11;
				GCC_DYNAMIC_NO_PIC = NO;
				GCC_NO_COMMON_BLOCKS = YES;
				GCC_OPTIMIZATION_LEVEL = 0;
				GCC_PREPROCESSOR_DEFINITIONS = (
					"DEBUG=1",
					"$(inherited)",
				);
				GCC_WARN_64_TO_32_BIT_CONVERSION = YES;
				GCC_WARN_ABOUT_RETURN_TYPE = YES_ERROR;
				GCC_WARN_UNDECLARED_SELECTOR = YES;
				GCC_WARN_UNINITIALIZED_AUTOS = YES_AGGRESSIVE;
				GCC_WARN_UNUSED_FUNCTION = YES;
				GCC_WARN_UNUSED_VARIABLE = YES;
				IPHONEOS_DEPLOYMENT_TARGET = 15.5;
				MTL_ENABLE_DEBUG_INFO = INCLUDE_SOURCE;
				MTL_FAST_MATH = YES;
				ONLY_ACTIVE_ARCH = YES;
				SDKROOT = iphoneos;
				SWIFT_ACTIVE_COMPILATION_CONDITIONS = DEBUG;
				SWIFT_OPTIMIZATION_LEVEL = "-Onone";
			};
			name = Debug;
		};
		89CB8C7E293DEF0700C10899 /* Release */ = {
			isa = XCBuildConfiguration;
			buildSettings = {
				ALWAYS_SEARCH_USER_PATHS = NO;
				CLANG_ANALYZER_NONNULL = YES;
				CLANG_ANALYZER_NUMBER_OBJECT_CONVERSION = YES_AGGRESSIVE;
				CLANG_CXX_LANGUAGE_STANDARD = "gnu++17";
				CLANG_ENABLE_MODULES = YES;
				CLANG_ENABLE_OBJC_ARC = YES;
				CLANG_ENABLE_OBJC_WEAK = YES;
				CLANG_WARN_BLOCK_CAPTURE_AUTORELEASING = YES;
				CLANG_WARN_BOOL_CONVERSION = YES;
				CLANG_WARN_COMMA = YES;
				CLANG_WARN_CONSTANT_CONVERSION = YES;
				CLANG_WARN_DEPRECATED_OBJC_IMPLEMENTATIONS = YES;
				CLANG_WARN_DIRECT_OBJC_ISA_USAGE = YES_ERROR;
				CLANG_WARN_DOCUMENTATION_COMMENTS = YES;
				CLANG_WARN_EMPTY_BODY = YES;
				CLANG_WARN_ENUM_CONVERSION = YES;
				CLANG_WARN_INFINITE_RECURSION = YES;
				CLANG_WARN_INT_CONVERSION = YES;
				CLANG_WARN_NON_LITERAL_NULL_CONVERSION = YES;
				CLANG_WARN_OBJC_IMPLICIT_RETAIN_SELF = YES;
				CLANG_WARN_OBJC_LITERAL_CONVERSION = YES;
				CLANG_WARN_OBJC_ROOT_CLASS = YES_ERROR;
				CLANG_WARN_QUOTED_INCLUDE_IN_FRAMEWORK_HEADER = YES;
				CLANG_WARN_RANGE_LOOP_ANALYSIS = YES;
				CLANG_WARN_STRICT_PROTOTYPES = YES;
				CLANG_WARN_SUSPICIOUS_MOVE = YES;
				CLANG_WARN_UNGUARDED_AVAILABILITY = YES_AGGRESSIVE;
				CLANG_WARN_UNREACHABLE_CODE = YES;
				CLANG_WARN__DUPLICATE_METHOD_MATCH = YES;
				COPY_PHASE_STRIP = NO;
				DEBUG_INFORMATION_FORMAT = "dwarf-with-dsym";
				ENABLE_NS_ASSERTIONS = NO;
				ENABLE_STRICT_OBJC_MSGSEND = YES;
				GCC_C_LANGUAGE_STANDARD = gnu11;
				GCC_NO_COMMON_BLOCKS = YES;
				GCC_WARN_64_TO_32_BIT_CONVERSION = YES;
				GCC_WARN_ABOUT_RETURN_TYPE = YES_ERROR;
				GCC_WARN_UNDECLARED_SELECTOR = YES;
				GCC_WARN_UNINITIALIZED_AUTOS = YES_AGGRESSIVE;
				GCC_WARN_UNUSED_FUNCTION = YES;
				GCC_WARN_UNUSED_VARIABLE = YES;
				IPHONEOS_DEPLOYMENT_TARGET = 15.5;
				MTL_ENABLE_DEBUG_INFO = NO;
				MTL_FAST_MATH = YES;
				SDKROOT = iphoneos;
				SWIFT_COMPILATION_MODE = wholemodule;
				SWIFT_OPTIMIZATION_LEVEL = "-O";
				VALIDATE_PRODUCT = YES;
			};
			name = Release;
		};
		89CB8C80293DEF0700C10899 /* Debug */ = {
			isa = XCBuildConfiguration;
			buildSettings = {
				ASSETCATALOG_COMPILER_APPICON_NAME = AppIcon;
				ASSETCATALOG_COMPILER_GLOBAL_ACCENT_COLOR_NAME = AccentColor;
				CODE_SIGN_STYLE = Automatic;
				CURRENT_PROJECT_VERSION = 1;
				GENERATE_INFOPLIST_FILE = YES;
				INFOPLIST_FILE = Saifur_30016_Dec5/Info.plist;
				INFOPLIST_KEY_UIApplicationSupportsIndirectInputEvents = YES;
				INFOPLIST_KEY_UILaunchStoryboardName = LaunchScreen;
				INFOPLIST_KEY_UIMainStoryboardFile = Main;
				INFOPLIST_KEY_UISupportedInterfaceOrientations_iPad = "UIInterfaceOrientationPortrait UIInterfaceOrientationPortraitUpsideDown UIInterfaceOrientationLandscapeLeft UIInterfaceOrientationLandscapeRight";
				INFOPLIST_KEY_UISupportedInterfaceOrientations_iPhone = "UIInterfaceOrientationPortrait UIInterfaceOrientationLandscapeLeft UIInterfaceOrientationLandscapeRight";
				LD_RUNPATH_SEARCH_PATHS = (
					"$(inherited)",
					"@executable_path/Frameworks",
				);
				MARKETING_VERSION = 1.0;
				PRODUCT_BUNDLE_IDENTIFIER = "com.new.demo.Saifur-30016-Dec5";
				PRODUCT_NAME = "$(TARGET_NAME)";
				SWIFT_EMIT_LOC_STRINGS = YES;
				SWIFT_VERSION = 5.0;
				TARGETED_DEVICE_FAMILY = "1,2";
			};
			name = Debug;
		};
		89CB8C81293DEF0700C10899 /* Release */ = {
			isa = XCBuildConfiguration;
			buildSettings = {
				ASSETCATALOG_COMPILER_APPICON_NAME = AppIcon;
				ASSETCATALOG_COMPILER_GLOBAL_ACCENT_COLOR_NAME = AccentColor;
				CODE_SIGN_STYLE = Automatic;
				CURRENT_PROJECT_VERSION = 1;
				GENERATE_INFOPLIST_FILE = YES;
				INFOPLIST_FILE = Saifur_30016_Dec5/Info.plist;
				INFOPLIST_KEY_UIApplicationSupportsIndirectInputEvents = YES;
				INFOPLIST_KEY_UILaunchStoryboardName = LaunchScreen;
				INFOPLIST_KEY_UIMainStoryboardFile = Main;
				INFOPLIST_KEY_UISupportedInterfaceOrientations_iPad = "UIInterfaceOrientationPortrait UIInterfaceOrientationPortraitUpsideDown UIInterfaceOrientationLandscapeLeft UIInterfaceOrientationLandscapeRight";
				INFOPLIST_KEY_UISupportedInterfaceOrientations_iPhone = "UIInterfaceOrientationPortrait UIInterfaceOrientationLandscapeLeft UIInterfaceOrientationLandscapeRight";
				LD_RUNPATH_SEARCH_PATHS = (
					"$(inherited)",
					"@executable_path/Frameworks",
				);
				MARKETING_VERSION = 1.0;
				PRODUCT_BUNDLE_IDENTIFIER = "com.new.demo.Saifur-30016-Dec5";
				PRODUCT_NAME = "$(TARGET_NAME)";
				SWIFT_EMIT_LOC_STRINGS = YES;
				SWIFT_VERSION = 5.0;
				TARGETED_DEVICE_FAMILY = "1,2";
			};
			name = Release;
		};
/* End XCBuildConfiguration section */

/* Begin XCConfigurationList section */
		89CB8C66293DEF0500C10899 /* Build configuration list for PBXProject "Saifur_30016_Dec5" */ = {
			isa = XCConfigurationList;
			buildConfigurations = (
				89CB8C7D293DEF0700C10899 /* Debug */,
				89CB8C7E293DEF0700C10899 /* Release */,
			);
			defaultConfigurationIsVisible = 0;
			defaultConfigurationName = Release;
		};
		89CB8C7F293DEF0700C10899 /* Build configuration list for PBXNativeTarget "Saifur_30016_Dec5" */ = {
			isa = XCConfigurationList;
			buildConfigurations = (
				89CB8C80293DEF0700C10899 /* Debug */,
				89CB8C81293DEF0700C10899 /* Release */,
			);
			defaultConfigurationIsVisible = 0;
			defaultConfigurationName = Release;
		};
/* End XCConfigurationList section */
	};
	rootObject = 89CB8C63293DEF0500C10899 /* Project object */;
}
