// !$*UTF8*$!
{
	archiveVersion = 1;
	classes = {
	};
	objectVersion = 55;
	objects = {

/* Begin PBXBuildFile section */
		89C58A1C29529E8E002C5D01 /* AppDelegate.swift in Sources */ = {isa = PBXBuildFile; fileRef = 89C58A1B29529E8E002C5D01 /* AppDelegate.swift */; };
		89C58A1E29529E8E002C5D01 /* SceneDelegate.swift in Sources */ = {isa = PBXBuildFile; fileRef = 89C58A1D29529E8E002C5D01 /* SceneDelegate.swift */; };
		89C58A2029529E8E002C5D01 /* ViewController.swift in Sources */ = {isa = PBXBuildFile; fileRef = 89C58A1F29529E8E002C5D01 /* ViewController.swift */; };
		89C58A2329529E8E002C5D01 /* Main.storyboard in Resources */ = {isa = PBXBuildFile; fileRef = 89C58A2129529E8E002C5D01 /* Main.storyboard */; };
		89C58A2529529E8E002C5D01 /* Assets.xcassets in Resources */ = {isa = PBXBuildFile; fileRef = 89C58A2429529E8E002C5D01 /* Assets.xcassets */; };
		89C58A2829529E8E002C5D01 /* LaunchScreen.storyboard in Resources */ = {isa = PBXBuildFile; fileRef = 89C58A2629529E8E002C5D01 /* LaunchScreen.storyboard */; };
		89C58A322952D12B002C5D01 /* NodeCVCell.xib in Resources */ = {isa = PBXBuildFile; fileRef = 89C58A312952D12B002C5D01 /* NodeCVCell.xib */; };
		89C58A342952D1D3002C5D01 /* Constant.swift in Sources */ = {isa = PBXBuildFile; fileRef = 89C58A332952D1D3002C5D01 /* Constant.swift */; };
		89C58A362952D262002C5D01 /* NodeCVCell.swift in Sources */ = {isa = PBXBuildFile; fileRef = 89C58A352952D262002C5D01 /* NodeCVCell.swift */; };
		89C58A382952EA04002C5D01 /* AddNoteVC.swift in Sources */ = {isa = PBXBuildFile; fileRef = 89C58A372952EA04002C5D01 /* AddNoteVC.swift */; };
		89C58A3A29530D9A002C5D01 /* CompositionalLayout.swift in Sources */ = {isa = PBXBuildFile; fileRef = 89C58A3929530D9A002C5D01 /* CompositionalLayout.swift */; };
/* End PBXBuildFile section */

/* Begin PBXFileReference section */
		89C58A1829529E8E002C5D01 /* Saifur_30016_Dec21_ FileManager.app */ = {isa = PBXFileReference; explicitFileType = wrapper.application; includeInIndex = 0; path = "Saifur_30016_Dec21_ FileManager.app"; sourceTree = BUILT_PRODUCTS_DIR; };
		89C58A1B29529E8E002C5D01 /* AppDelegate.swift */ = {isa = PBXFileReference; lastKnownFileType = sourcecode.swift; path = AppDelegate.swift; sourceTree = "<group>"; };
		89C58A1D29529E8E002C5D01 /* SceneDelegate.swift */ = {isa = PBXFileReference; lastKnownFileType = sourcecode.swift; path = SceneDelegate.swift; sourceTree = "<group>"; };
		89C58A1F29529E8E002C5D01 /* ViewController.swift */ = {isa = PBXFileReference; lastKnownFileType = sourcecode.swift; path = ViewController.swift; sourceTree = "<group>"; };
		89C58A2229529E8E002C5D01 /* Base */ = {isa = PBXFileReference; lastKnownFileType = file.storyboard; name = Base; path = Base.lproj/Main.storyboard; sourceTree = "<group>"; };
		89C58A2429529E8E002C5D01 /* Assets.xcassets */ = {isa = PBXFileReference; lastKnownFileType = folder.assetcatalog; path = Assets.xcassets; sourceTree = "<group>"; };
		89C58A2729529E8E002C5D01 /* Base */ = {isa = PBXFileReference; lastKnownFileType = file.storyboard; name = Base; path = Base.lproj/LaunchScreen.storyboard; sourceTree = "<group>"; };
		89C58A2929529E8E002C5D01 /* Info.plist */ = {isa = PBXFileReference; lastKnownFileType = text.plist.xml; path = Info.plist; sourceTree = "<group>"; };
		89C58A312952D12B002C5D01 /* NodeCVCell.xib */ = {isa = PBXFileReference; lastKnownFileType = file.xib; path = NodeCVCell.xib; sourceTree = "<group>"; };
		89C58A332952D1D3002C5D01 /* Constant.swift */ = {isa = PBXFileReference; lastKnownFileType = sourcecode.swift; path = Constant.swift; sourceTree = "<group>"; };
		89C58A352952D262002C5D01 /* NodeCVCell.swift */ = {isa = PBXFileReference; lastKnownFileType = sourcecode.swift; path = NodeCVCell.swift; sourceTree = "<group>"; };
		89C58A372952EA04002C5D01 /* AddNoteVC.swift */ = {isa = PBXFileReference; lastKnownFileType = sourcecode.swift; path = AddNoteVC.swift; sourceTree = "<group>"; };
		89C58A3929530D9A002C5D01 /* CompositionalLayout.swift */ = {isa = PBXFileReference; lastKnownFileType = sourcecode.swift; path = CompositionalLayout.swift; sourceTree = "<group>"; };
/* End PBXFileReference section */

/* Begin PBXFrameworksBuildPhase section */
		89C58A1529529E8E002C5D01 /* Frameworks */ = {
			isa = PBXFrameworksBuildPhase;
			buildActionMask = 2147483647;
			files = (
			);
			runOnlyForDeploymentPostprocessing = 0;
		};
/* End PBXFrameworksBuildPhase section */

/* Begin PBXGroup section */
		89C58A0F29529E8E002C5D01 = {
			isa = PBXGroup;
			children = (
				89C58A1A29529E8E002C5D01 /* Saifur_30016_Dec21_ FileManager */,
				89C58A1929529E8E002C5D01 /* Products */,
			);
			sourceTree = "<group>";
		};
		89C58A1929529E8E002C5D01 /* Products */ = {
			isa = PBXGroup;
			children = (
				89C58A1829529E8E002C5D01 /* Saifur_30016_Dec21_ FileManager.app */,
			);
			name = Products;
			sourceTree = "<group>";
		};
		89C58A1A29529E8E002C5D01 /* Saifur_30016_Dec21_ FileManager */ = {
			isa = PBXGroup;
			children = (
				89C58A1B29529E8E002C5D01 /* AppDelegate.swift */,
				89C58A1D29529E8E002C5D01 /* SceneDelegate.swift */,
				89C58A1F29529E8E002C5D01 /* ViewController.swift */,
				89C58A3929530D9A002C5D01 /* CompositionalLayout.swift */,
				89C58A312952D12B002C5D01 /* NodeCVCell.xib */,
				89C58A352952D262002C5D01 /* NodeCVCell.swift */,
				89C58A332952D1D3002C5D01 /* Constant.swift */,
				89C58A2129529E8E002C5D01 /* Main.storyboard */,
				89C58A372952EA04002C5D01 /* AddNoteVC.swift */,
				89C58A2429529E8E002C5D01 /* Assets.xcassets */,
				89C58A2629529E8E002C5D01 /* LaunchScreen.storyboard */,
				89C58A2929529E8E002C5D01 /* Info.plist */,
			);
			path = "Saifur_30016_Dec21_ FileManager";
			sourceTree = "<group>";
		};
/* End PBXGroup section */

/* Begin PBXNativeTarget section */
		89C58A1729529E8E002C5D01 /* Saifur_30016_Dec21_ FileManager */ = {
			isa = PBXNativeTarget;
			buildConfigurationList = 89C58A2C29529E8E002C5D01 /* Build configuration list for PBXNativeTarget "Saifur_30016_Dec21_ FileManager" */;
			buildPhases = (
				89C58A1429529E8E002C5D01 /* Sources */,
				89C58A1529529E8E002C5D01 /* Frameworks */,
				89C58A1629529E8E002C5D01 /* Resources */,
			);
			buildRules = (
			);
			dependencies = (
			);
			name = "Saifur_30016_Dec21_ FileManager";
			productName = "Saifur_30016_Dec21_ FileManager";
			productReference = 89C58A1829529E8E002C5D01 /* Saifur_30016_Dec21_ FileManager.app */;
			productType = "com.apple.product-type.application";
		};
/* End PBXNativeTarget section */

/* Begin PBXProject section */
		89C58A1029529E8E002C5D01 /* Project object */ = {
			isa = PBXProject;
			attributes = {
				BuildIndependentTargetsInParallel = 1;
				LastSwiftUpdateCheck = 1340;
				LastUpgradeCheck = 1340;
				TargetAttributes = {
					89C58A1729529E8E002C5D01 = {
						CreatedOnToolsVersion = 13.4;
					};
				};
			};
			buildConfigurationList = 89C58A1329529E8E002C5D01 /* Build configuration list for PBXProject "Saifur_30016_Dec21_ FileManager" */;
			compatibilityVersion = "Xcode 13.0";
			developmentRegion = en;
			hasScannedForEncodings = 0;
			knownRegions = (
				en,
				Base,
			);
			mainGroup = 89C58A0F29529E8E002C5D01;
			productRefGroup = 89C58A1929529E8E002C5D01 /* Products */;
			projectDirPath = "";
			projectRoot = "";
			targets = (
				89C58A1729529E8E002C5D01 /* Saifur_30016_Dec21_ FileManager */,
			);
		};
/* End PBXProject section */

/* Begin PBXResourcesBuildPhase section */
		89C58A1629529E8E002C5D01 /* Resources */ = {
			isa = PBXResourcesBuildPhase;
			buildActionMask = 2147483647;
			files = (
				89C58A2829529E8E002C5D01 /* LaunchScreen.storyboard in Resources */,
				89C58A2529529E8E002C5D01 /* Assets.xcassets in Resources */,
				89C58A322952D12B002C5D01 /* NodeCVCell.xib in Resources */,
				89C58A2329529E8E002C5D01 /* Main.storyboard in Resources */,
			);
			runOnlyForDeploymentPostprocessing = 0;
		};
/* End PBXResourcesBuildPhase section */

/* Begin PBXSourcesBuildPhase section */
		89C58A1429529E8E002C5D01 /* Sources */ = {
			isa = PBXSourcesBuildPhase;
			buildActionMask = 2147483647;
			files = (
				89C58A3A29530D9A002C5D01 /* CompositionalLayout.swift in Sources */,
				89C58A382952EA04002C5D01 /* AddNoteVC.swift in Sources */,
				89C58A2029529E8E002C5D01 /* ViewController.swift in Sources */,
				89C58A1C29529E8E002C5D01 /* AppDelegate.swift in Sources */,
				89C58A362952D262002C5D01 /* NodeCVCell.swift in Sources */,
				89C58A342952D1D3002C5D01 /* Constant.swift in Sources */,
				89C58A1E29529E8E002C5D01 /* SceneDelegate.swift in Sources */,
			);
			runOnlyForDeploymentPostprocessing = 0;
		};
/* End PBXSourcesBuildPhase section */

/* Begin PBXVariantGroup section */
		89C58A2129529E8E002C5D01 /* Main.storyboard */ = {
			isa = PBXVariantGroup;
			children = (
				89C58A2229529E8E002C5D01 /* Base */,
			);
			name = Main.storyboard;
			sourceTree = "<group>";
		};
		89C58A2629529E8E002C5D01 /* LaunchScreen.storyboard */ = {
			isa = PBXVariantGroup;
			children = (
				89C58A2729529E8E002C5D01 /* Base */,
			);
			name = LaunchScreen.storyboard;
			sourceTree = "<group>";
		};
/* End PBXVariantGroup section */

/* Begin XCBuildConfiguration section */
		89C58A2A29529E8E002C5D01 /* Debug */ = {
			isa = XCBuildConfiguration;
			buildSettings = {
				ALWAYS_SEARCH_USER_PATHS = NO;
				CLANG_ANALYZER_NONNULL = YES;
				CLANG_ANALYZER_NUMBER_OBJECT_CONVERSION = YES_AGGRESSIVE;
				CLANG_CXX_LANGUAGE_STANDARD = "gnu++17";
				CLANG_ENABLE_MODULES = YES;
				CLANG_ENABLE_OBJC_ARC = YES;
				CLANG_ENABLE_OBJC_WEAK = YES;
				CLANG_WARN_BLOCK_CAPTURE_AUTORELEASING = YES;
				CLANG_WARN_BOOL_CONVERSION = YES;
				CLANG_WARN_COMMA = YES;
				CLANG_WARN_CONSTANT_CONVERSION = YES;
				CLANG_WARN_DEPRECATED_OBJC_IMPLEMENTATIONS = YES;
				CLANG_WARN_DIRECT_OBJC_ISA_USAGE = YES_ERROR;
				CLANG_WARN_DOCUMENTATION_COMMENTS = YES;
				CLANG_WARN_EMPTY_BODY = YES;
				CLANG_WARN_ENUM_CONVERSION = YES;
				CLANG_WARN_INFINITE_RECURSION = YES;
				CLANG_WARN_INT_CONVERSION = YES;
				CLANG_WARN_NON_LITERAL_NULL_CONVERSION = YES;
				CLANG_WARN_OBJC_IMPLICIT_RETAIN_SELF = YES;
				CLANG_WARN_OBJC_LITERAL_CONVERSION = YES;
				CLANG_WARN_OBJC_ROOT_CLASS = YES_ERROR;
				CLANG_WARN_QUOTED_INCLUDE_IN_FRAMEWORK_HEADER = YES;
				CLANG_WARN_RANGE_LOOP_ANALYSIS = YES;
				CLANG_WARN_STRICT_PROTOTYPES = YES;
				CLANG_WARN_SUSPICIOUS_MOVE = YES;
				CLANG_WARN_UNGUARDED_AVAILABILITY = YES_AGGRESSIVE;
				CLANG_WARN_UNREACHABLE_CODE = YES;
				CLANG_WARN__DUPLICATE_METHOD_MATCH = YES;
				COPY_PHASE_STRIP = NO;
				DEBUG_INFORMATION_FORMAT = dwarf;
				ENABLE_STRICT_OBJC_MSGSEND = YES;
				ENABLE_TESTABILITY = YES;
				GCC_C_LANGUAGE_STANDARD = gnu11;
				GCC_DYNAMIC_NO_PIC = NO;
				GCC_NO_COMMON_BLOCKS = YES;
				GCC_OPTIMIZATION_LEVEL = 0;
				GCC_PREPROCESSOR_DEFINITIONS = (
					"DEBUG=1",
					"$(inherited)",
				);
				GCC_WARN_64_TO_32_BIT_CONVERSION = YES;
				GCC_WARN_ABOUT_RETURN_TYPE = YES_ERROR;
				GCC_WARN_UNDECLARED_SELECTOR = YES;
				GCC_WARN_UNINITIALIZED_AUTOS = YES_AGGRESSIVE;
				GCC_WARN_UNUSED_FUNCTION = YES;
				GCC_WARN_UNUSED_VARIABLE = YES;
				IPHONEOS_DEPLOYMENT_TARGET = 15.5;
				MTL_ENABLE_DEBUG_INFO = INCLUDE_SOURCE;
				MTL_FAST_MATH = YES;
				ONLY_ACTIVE_ARCH = YES;
				SDKROOT = iphoneos;
				SWIFT_ACTIVE_COMPILATION_CONDITIONS = DEBUG;
				SWIFT_OPTIMIZATION_LEVEL = "-Onone";
			};
			name = Debug;
		};
		89C58A2B29529E8E002C5D01 /* Release */ = {
			isa = XCBuildConfiguration;
			buildSettings = {
				ALWAYS_SEARCH_USER_PATHS = NO;
				CLANG_ANALYZER_NONNULL = YES;
				CLANG_ANALYZER_NUMBER_OBJECT_CONVERSION = YES_AGGRESSIVE;
				CLANG_CXX_LANGUAGE_STANDARD = "gnu++17";
				CLANG_ENABLE_MODULES = YES;
				CLANG_ENABLE_OBJC_ARC = YES;
				CLANG_ENABLE_OBJC_WEAK = YES;
				CLANG_WARN_BLOCK_CAPTURE_AUTORELEASING = YES;
				CLANG_WARN_BOOL_CONVERSION = YES;
				CLANG_WARN_COMMA = YES;
				CLANG_WARN_CONSTANT_CONVERSION = YES;
				CLANG_WARN_DEPRECATED_OBJC_IMPLEMENTATIONS = YES;
				CLANG_WARN_DIRECT_OBJC_ISA_USAGE = YES_ERROR;
				CLANG_WARN_DOCUMENTATION_COMMENTS = YES;
				CLANG_WARN_EMPTY_BODY = YES;
				CLANG_WARN_ENUM_CONVERSION = YES;
				CLANG_WARN_INFINITE_RECURSION = YES;
				CLANG_WARN_INT_CONVERSION = YES;
				CLANG_WARN_NON_LITERAL_NULL_CONVERSION = YES;
				CLANG_WARN_OBJC_IMPLICIT_RETAIN_SELF = YES;
				CLANG_WARN_OBJC_LITERAL_CONVERSION = YES;
				CLANG_WARN_OBJC_ROOT_CLASS = YES_ERROR;
				CLANG_WARN_QUOTED_INCLUDE_IN_FRAMEWORK_HEADER = YES;
				CLANG_WARN_RANGE_LOOP_ANALYSIS = YES;
				CLANG_WARN_STRICT_PROTOTYPES = YES;
				CLANG_WARN_SUSPICIOUS_MOVE = YES;
				CLANG_WARN_UNGUARDED_AVAILABILITY = YES_AGGRESSIVE;
				CLANG_WARN_UNREACHABLE_CODE = YES;
				CLANG_WARN__DUPLICATE_METHOD_MATCH = YES;
				COPY_PHASE_STRIP = NO;
				DEBUG_INFORMATION_FORMAT = "dwarf-with-dsym";
				ENABLE_NS_ASSERTIONS = NO;
				ENABLE_STRICT_OBJC_MSGSEND = YES;
				GCC_C_LANGUAGE_STANDARD = gnu11;
				GCC_NO_COMMON_BLOCKS = YES;
				GCC_WARN_64_TO_32_BIT_CONVERSION = YES;
				GCC_WARN_ABOUT_RETURN_TYPE = YES_ERROR;
				GCC_WARN_UNDECLARED_SELECTOR = YES;
				GCC_WARN_UNINITIALIZED_AUTOS = YES_AGGRESSIVE;
				GCC_WARN_UNUSED_FUNCTION = YES;
				GCC_WARN_UNUSED_VARIABLE = YES;
				IPHONEOS_DEPLOYMENT_TARGET = 15.5;
				MTL_ENABLE_DEBUG_INFO = NO;
				MTL_FAST_MATH = YES;
				SDKROOT = iphoneos;
				SWIFT_COMPILATION_MODE = wholemodule;
				SWIFT_OPTIMIZATION_LEVEL = "-O";
				VALIDATE_PRODUCT = YES;
			};
			name = Release;
		};
		89C58A2D29529E8E002C5D01 /* Debug */ = {
			isa = XCBuildConfiguration;
			buildSettings = {
				ASSETCATALOG_COMPILER_APPICON_NAME = AppIcon;
				ASSETCATALOG_COMPILER_GLOBAL_ACCENT_COLOR_NAME = AccentColor;
				CODE_SIGN_STYLE = Automatic;
				CURRENT_PROJECT_VERSION = 1;
				GENERATE_INFOPLIST_FILE = YES;
				INFOPLIST_FILE = "Saifur_30016_Dec21_ FileManager/Info.plist";
				INFOPLIST_KEY_UIApplicationSupportsIndirectInputEvents = YES;
				INFOPLIST_KEY_UILaunchStoryboardName = LaunchScreen;
				INFOPLIST_KEY_UIMainStoryboardFile = Main;
				INFOPLIST_KEY_UISupportedInterfaceOrientations_iPad = "UIInterfaceOrientationPortrait UIInterfaceOrientationPortraitUpsideDown UIInterfaceOrientationLandscapeLeft UIInterfaceOrientationLandscapeRight";
				INFOPLIST_KEY_UISupportedInterfaceOrientations_iPhone = "UIInterfaceOrientationPortrait UIInterfaceOrientationLandscapeLeft UIInterfaceOrientationLandscapeRight";
				LD_RUNPATH_SEARCH_PATHS = (
					"$(inherited)",
					"@executable_path/Frameworks",
				);
				MARKETING_VERSION = 1.0;
				PRODUCT_BUNDLE_IDENTIFIER = "com.new.demo.Saifur-30016-Dec21--FileManager";
				PRODUCT_NAME = "$(TARGET_NAME)";
				SWIFT_EMIT_LOC_STRINGS = YES;
				SWIFT_VERSION = 5.0;
				TARGETED_DEVICE_FAMILY = "1,2";
			};
			name = Debug;
		};
		89C58A2E29529E8E002C5D01 /* Release */ = {
			isa = XCBuildConfiguration;
			buildSettings = {
				ASSETCATALOG_COMPILER_APPICON_NAME = AppIcon;
				ASSETCATALOG_COMPILER_GLOBAL_ACCENT_COLOR_NAME = AccentColor;
				CODE_SIGN_STYLE = Automatic;
				CURRENT_PROJECT_VERSION = 1;
				GENERATE_INFOPLIST_FILE = YES;
				INFOPLIST_FILE = "Saifur_30016_Dec21_ FileManager/Info.plist";
				INFOPLIST_KEY_UIApplicationSupportsIndirectInputEvents = YES;
				INFOPLIST_KEY_UILaunchStoryboardName = LaunchScreen;
				INFOPLIST_KEY_UIMainStoryboardFile = Main;
				INFOPLIST_KEY_UISupportedInterfaceOrientations_iPad = "UIInterfaceOrientationPortrait UIInterfaceOrientationPortraitUpsideDown UIInterfaceOrientationLandscapeLeft UIInterfaceOrientationLandscapeRight";
				INFOPLIST_KEY_UISupportedInterfaceOrientations_iPhone = "UIInterfaceOrientationPortrait UIInterfaceOrientationLandscapeLeft UIInterfaceOrientationLandscapeRight";
				LD_RUNPATH_SEARCH_PATHS = (
					"$(inherited)",
					"@executable_path/Frameworks",
				);
				MARKETING_VERSION = 1.0;
				PRODUCT_BUNDLE_IDENTIFIER = "com.new.demo.Saifur-30016-Dec21--FileManager";
				PRODUCT_NAME = "$(TARGET_NAME)";
				SWIFT_EMIT_LOC_STRINGS = YES;
				SWIFT_VERSION = 5.0;
				TARGETED_DEVICE_FAMILY = "1,2";
			};
			name = Release;
		};
/* End XCBuildConfiguration section */

/* Begin XCConfigurationList section */
		89C58A1329529E8E002C5D01 /* Build configuration list for PBXProject "Saifur_30016_Dec21_ FileManager" */ = {
			isa = XCConfigurationList;
			buildConfigurations = (
				89C58A2A29529E8E002C5D01 /* Debug */,
				89C58A2B29529E8E002C5D01 /* Release */,
			);
			defaultConfigurationIsVisible = 0;
			defaultConfigurationName = Release;
		};
		89C58A2C29529E8E002C5D01 /* Build configuration list for PBXNativeTarget "Saifur_30016_Dec21_ FileManager" */ = {
			isa = XCConfigurationList;
			buildConfigurations = (
				89C58A2D29529E8E002C5D01 /* Debug */,
				89C58A2E29529E8E002C5D01 /* Release */,
			);
			defaultConfigurationIsVisible = 0;
			defaultConfigurationName = Release;
		};
/* End XCConfigurationList section */
	};
	rootObject = 89C58A1029529E8E002C5D01 /* Project object */;
}
